// !$*UTF8*$!
{
	archiveVersion = 1;
	classes = {
	};
	objectVersion = 46;
	objects = {

/* Begin PBXBuildFile section */
		7CB0E35119B6DCCF005467D4 /* Foundation.framework in Frameworks */ = {isa = PBXBuildFile; fileRef = 7CB0E35019B6DCCF005467D4 /* Foundation.framework */; };
		7CB0E35319B6DCCF005467D4 /* CoreGraphics.framework in Frameworks */ = {isa = PBXBuildFile; fileRef = 7CB0E35219B6DCCF005467D4 /* CoreGraphics.framework */; };
		7CB0E35519B6DCCF005467D4 /* UIKit.framework in Frameworks */ = {isa = PBXBuildFile; fileRef = 7CB0E35419B6DCCF005467D4 /* UIKit.framework */; };
		7CB0E35B19B6DCCF005467D4 /* InfoPlist.strings in Resources */ = {isa = PBXBuildFile; fileRef = 7CB0E35919B6DCCF005467D4 /* InfoPlist.strings */; };
		7CB0E35D19B6DCCF005467D4 /* main.m in Sources */ = {isa = PBXBuildFile; fileRef = 7CB0E35C19B6DCCF005467D4 /* main.m */; };
		7CB0E36119B6DCCF005467D4 /* AppDelegate.m in Sources */ = {isa = PBXBuildFile; fileRef = 7CB0E36019B6DCCF005467D4 /* AppDelegate.m */; };
		7CB0E36319B6DCCF005467D4 /* Images.xcassets in Resources */ = {isa = PBXBuildFile; fileRef = 7CB0E36219B6DCCF005467D4 /* Images.xcassets */; };
		7CB0E36A19B6DCCF005467D4 /* XCTest.framework in Frameworks */ = {isa = PBXBuildFile; fileRef = 7CB0E36919B6DCCF005467D4 /* XCTest.framework */; };
		7CB0E36B19B6DCCF005467D4 /* Foundation.framework in Frameworks */ = {isa = PBXBuildFile; fileRef = 7CB0E35019B6DCCF005467D4 /* Foundation.framework */; };
		7CB0E36C19B6DCCF005467D4 /* UIKit.framework in Frameworks */ = {isa = PBXBuildFile; fileRef = 7CB0E35419B6DCCF005467D4 /* UIKit.framework */; };
		7CB0E37419B6DCCF005467D4 /* InfoPlist.strings in Resources */ = {isa = PBXBuildFile; fileRef = 7CB0E37219B6DCCF005467D4 /* InfoPlist.strings */; };
		7CB0E37619B6DCCF005467D4 /* THRibbitTests.m in Sources */ = {isa = PBXBuildFile; fileRef = 7CB0E37519B6DCCF005467D4 /* THRibbitTests.m */; };
		7CB0E38019B6DCF9005467D4 /* MainStoryboard.storyboard in Resources */ = {isa = PBXBuildFile; fileRef = 7CB0E37F19B6DCF9005467D4 /* MainStoryboard.storyboard */; };
		7CB0E38719B76158005467D4 /* camera.png in Resources */ = {isa = PBXBuildFile; fileRef = 7CB0E38119B76158005467D4 /* camera.png */; };
		7CB0E38819B76158005467D4 /* camera@2x.png in Resources */ = {isa = PBXBuildFile; fileRef = 7CB0E38219B76158005467D4 /* camera@2x.png */; };
		7CB0E38919B76158005467D4 /* friends.png in Resources */ = {isa = PBXBuildFile; fileRef = 7CB0E38319B76158005467D4 /* friends.png */; };
		7CB0E38A19B76158005467D4 /* friends@2x.png in Resources */ = {isa = PBXBuildFile; fileRef = 7CB0E38419B76158005467D4 /* friends@2x.png */; };
		7CB0E38B19B76158005467D4 /* inbox.png in Resources */ = {isa = PBXBuildFile; fileRef = 7CB0E38519B76158005467D4 /* inbox.png */; };
		7CB0E38C19B76158005467D4 /* inbox@2x.png in Resources */ = {isa = PBXBuildFile; fileRef = 7CB0E38619B76158005467D4 /* inbox@2x.png */; };
		7CB0E39019B771F0005467D4 /* InboxTableViewController.m in Sources */ = {isa = PBXBuildFile; fileRef = 7CB0E38F19B771F0005467D4 /* InboxTableViewController.m */; };
		7CB0E39219B790C6005467D4 /* Parse.framework in Frameworks */ = {isa = PBXBuildFile; fileRef = 7CB0E39119B790C6005467D4 /* Parse.framework */; };
		7CB0E39419B792BF005467D4 /* AudioToolbox.framework in Frameworks */ = {isa = PBXBuildFile; fileRef = 7CB0E39319B792BF005467D4 /* AudioToolbox.framework */; };
		7CB0E39619B792C5005467D4 /* CFNetwork.framework in Frameworks */ = {isa = PBXBuildFile; fileRef = 7CB0E39519B792C5005467D4 /* CFNetwork.framework */; };
		7CB0E39819B792D2005467D4 /* CoreLocation.framework in Frameworks */ = {isa = PBXBuildFile; fileRef = 7CB0E39719B792D2005467D4 /* CoreLocation.framework */; };
		7CB0E39C19B792E0005467D4 /* MobileCoreServices.framework in Frameworks */ = {isa = PBXBuildFile; fileRef = 7CB0E39B19B792E0005467D4 /* MobileCoreServices.framework */; };
		7CB0E39E19B792E7005467D4 /* QuartzCore.framework in Frameworks */ = {isa = PBXBuildFile; fileRef = 7CB0E39D19B792E7005467D4 /* QuartzCore.framework */; };
		7CB0E3A019B792EC005467D4 /* Security.framework in Frameworks */ = {isa = PBXBuildFile; fileRef = 7CB0E39F19B792EC005467D4 /* Security.framework */; };
		7CB0E3A219B792F3005467D4 /* StoreKit.framework in Frameworks */ = {isa = PBXBuildFile; fileRef = 7CB0E3A119B792F3005467D4 /* StoreKit.framework */; };
		7CB0E3A419B792FA005467D4 /* SystemConfiguration.framework in Frameworks */ = {isa = PBXBuildFile; fileRef = 7CB0E3A319B792FA005467D4 /* SystemConfiguration.framework */; };
		7CB0E3A719B79326005467D4 /* Constants.m in Sources */ = {isa = PBXBuildFile; fileRef = 7CB0E3A619B79326005467D4 /* Constants.m */; };
		7CB0E3A919B795E0005467D4 /* libz.1.1.3.dylib in Frameworks */ = {isa = PBXBuildFile; fileRef = 7CB0E3A819B795E0005467D4 /* libz.1.1.3.dylib */; };
		7CB0E3AD19B79D0A005467D4 /* Bolts.framework in Frameworks */ = {isa = PBXBuildFile; fileRef = 7CB0E3AC19B79D0A005467D4 /* Bolts.framework */; };
		7CB0E3B019B79E73005467D4 /* LoginViewController.m in Sources */ = {isa = PBXBuildFile; fileRef = 7CB0E3AF19B79E73005467D4 /* LoginViewController.m */; };
		7CB0E3B319B79E7E005467D4 /* SignupViewController.m in Sources */ = {isa = PBXBuildFile; fileRef = 7CB0E3B219B79E7E005467D4 /* SignupViewController.m */; };
		7CD3994819B8C3E500CF865A /* EditFriendsTableViewController.m in Sources */ = {isa = PBXBuildFile; fileRef = 7CD3994719B8C3E500CF865A /* EditFriendsTableViewController.m */; };
/* End PBXBuildFile section */

/* Begin PBXContainerItemProxy section */
		7CB0E36D19B6DCCF005467D4 /* PBXContainerItemProxy */ = {
			isa = PBXContainerItemProxy;
			containerPortal = 7CB0E34519B6DCCF005467D4 /* Project object */;
			proxyType = 1;
			remoteGlobalIDString = 7CB0E34C19B6DCCF005467D4;
			remoteInfo = THRibbit;
		};
/* End PBXContainerItemProxy section */

/* Begin PBXFileReference section */
		7CB0E34D19B6DCCF005467D4 /* THRibbit.app */ = {isa = PBXFileReference; explicitFileType = wrapper.application; includeInIndex = 0; path = THRibbit.app; sourceTree = BUILT_PRODUCTS_DIR; };
		7CB0E35019B6DCCF005467D4 /* Foundation.framework */ = {isa = PBXFileReference; lastKnownFileType = wrapper.framework; name = Foundation.framework; path = System/Library/Frameworks/Foundation.framework; sourceTree = SDKROOT; };
		7CB0E35219B6DCCF005467D4 /* CoreGraphics.framework */ = {isa = PBXFileReference; lastKnownFileType = wrapper.framework; name = CoreGraphics.framework; path = System/Library/Frameworks/CoreGraphics.framework; sourceTree = SDKROOT; };
		7CB0E35419B6DCCF005467D4 /* UIKit.framework */ = {isa = PBXFileReference; lastKnownFileType = wrapper.framework; name = UIKit.framework; path = System/Library/Frameworks/UIKit.framework; sourceTree = SDKROOT; };
		7CB0E35819B6DCCF005467D4 /* THRibbit-Info.plist */ = {isa = PBXFileReference; lastKnownFileType = text.plist.xml; path = "THRibbit-Info.plist"; sourceTree = "<group>"; };
		7CB0E35A19B6DCCF005467D4 /* en */ = {isa = PBXFileReference; lastKnownFileType = text.plist.strings; name = en; path = en.lproj/InfoPlist.strings; sourceTree = "<group>"; };
		7CB0E35C19B6DCCF005467D4 /* main.m */ = {isa = PBXFileReference; lastKnownFileType = sourcecode.c.objc; path = main.m; sourceTree = "<group>"; };
		7CB0E35E19B6DCCF005467D4 /* THRibbit-Prefix.pch */ = {isa = PBXFileReference; lastKnownFileType = sourcecode.c.h; path = "THRibbit-Prefix.pch"; sourceTree = "<group>"; };
		7CB0E35F19B6DCCF005467D4 /* AppDelegate.h */ = {isa = PBXFileReference; lastKnownFileType = sourcecode.c.h; path = AppDelegate.h; sourceTree = "<group>"; };
		7CB0E36019B6DCCF005467D4 /* AppDelegate.m */ = {isa = PBXFileReference; lastKnownFileType = sourcecode.c.objc; path = AppDelegate.m; sourceTree = "<group>"; };
		7CB0E36219B6DCCF005467D4 /* Images.xcassets */ = {isa = PBXFileReference; lastKnownFileType = folder.assetcatalog; path = Images.xcassets; sourceTree = "<group>"; };
		7CB0E36819B6DCCF005467D4 /* THRibbitTests.xctest */ = {isa = PBXFileReference; explicitFileType = wrapper.cfbundle; includeInIndex = 0; path = THRibbitTests.xctest; sourceTree = BUILT_PRODUCTS_DIR; };
		7CB0E36919B6DCCF005467D4 /* XCTest.framework */ = {isa = PBXFileReference; lastKnownFileType = wrapper.framework; name = XCTest.framework; path = Library/Frameworks/XCTest.framework; sourceTree = DEVELOPER_DIR; };
		7CB0E37119B6DCCF005467D4 /* THRibbitTests-Info.plist */ = {isa = PBXFileReference; lastKnownFileType = text.plist.xml; path = "THRibbitTests-Info.plist"; sourceTree = "<group>"; };
		7CB0E37319B6DCCF005467D4 /* en */ = {isa = PBXFileReference; lastKnownFileType = text.plist.strings; name = en; path = en.lproj/InfoPlist.strings; sourceTree = "<group>"; };
		7CB0E37519B6DCCF005467D4 /* THRibbitTests.m */ = {isa = PBXFileReference; lastKnownFileType = sourcecode.c.objc; path = THRibbitTests.m; sourceTree = "<group>"; };
		7CB0E37F19B6DCF9005467D4 /* MainStoryboard.storyboard */ = {isa = PBXFileReference; fileEncoding = 4; lastKnownFileType = file.storyboard; path = MainStoryboard.storyboard; sourceTree = "<group>"; };
		7CB0E38119B76158005467D4 /* camera.png */ = {isa = PBXFileReference; lastKnownFileType = image.png; name = camera.png; path = ../../../../Downloads/Ribbit/camera.png; sourceTree = "<group>"; };
		7CB0E38219B76158005467D4 /* camera@2x.png */ = {isa = PBXFileReference; lastKnownFileType = image.png; name = "camera@2x.png"; path = "../../../../Downloads/Ribbit/camera@2x.png"; sourceTree = "<group>"; };
		7CB0E38319B76158005467D4 /* friends.png */ = {isa = PBXFileReference; lastKnownFileType = image.png; name = friends.png; path = ../../../../Downloads/Ribbit/friends.png; sourceTree = "<group>"; };
		7CB0E38419B76158005467D4 /* friends@2x.png */ = {isa = PBXFileReference; lastKnownFileType = image.png; name = "friends@2x.png"; path = "../../../../Downloads/Ribbit/friends@2x.png"; sourceTree = "<group>"; };
		7CB0E38519B76158005467D4 /* inbox.png */ = {isa = PBXFileReference; lastKnownFileType = image.png; name = inbox.png; path = ../../../../Downloads/Ribbit/inbox.png; sourceTree = "<group>"; };
		7CB0E38619B76158005467D4 /* inbox@2x.png */ = {isa = PBXFileReference; lastKnownFileType = image.png; name = "inbox@2x.png"; path = "../../../../Downloads/Ribbit/inbox@2x.png"; sourceTree = "<group>"; };
		7CB0E38E19B771F0005467D4 /* InboxTableViewController.h */ = {isa = PBXFileReference; fileEncoding = 4; lastKnownFileType = sourcecode.c.h; path = InboxTableViewController.h; sourceTree = "<group>"; };
		7CB0E38F19B771F0005467D4 /* InboxTableViewController.m */ = {isa = PBXFileReference; fileEncoding = 4; lastKnownFileType = sourcecode.c.objc; path = InboxTableViewController.m; sourceTree = "<group>"; };
		7CB0E39119B790C6005467D4 /* Parse.framework */ = {isa = PBXFileReference; lastKnownFileType = wrapper.framework; path = Parse.framework; sourceTree = "<group>"; };
		7CB0E39319B792BF005467D4 /* AudioToolbox.framework */ = {isa = PBXFileReference; lastKnownFileType = wrapper.framework; name = AudioToolbox.framework; path = System/Library/Frameworks/AudioToolbox.framework; sourceTree = SDKROOT; };
		7CB0E39519B792C5005467D4 /* CFNetwork.framework */ = {isa = PBXFileReference; lastKnownFileType = wrapper.framework; name = CFNetwork.framework; path = System/Library/Frameworks/CFNetwork.framework; sourceTree = SDKROOT; };
		7CB0E39719B792D2005467D4 /* CoreLocation.framework */ = {isa = PBXFileReference; lastKnownFileType = wrapper.framework; name = CoreLocation.framework; path = System/Library/Frameworks/CoreLocation.framework; sourceTree = SDKROOT; };
		7CB0E39B19B792E0005467D4 /* MobileCoreServices.framework */ = {isa = PBXFileReference; lastKnownFileType = wrapper.framework; name = MobileCoreServices.framework; path = System/Library/Frameworks/MobileCoreServices.framework; sourceTree = SDKROOT; };
		7CB0E39D19B792E7005467D4 /* QuartzCore.framework */ = {isa = PBXFileReference; lastKnownFileType = wrapper.framework; name = QuartzCore.framework; path = System/Library/Frameworks/QuartzCore.framework; sourceTree = SDKROOT; };
		7CB0E39F19B792EC005467D4 /* Security.framework */ = {isa = PBXFileReference; lastKnownFileType = wrapper.framework; name = Security.framework; path = System/Library/Frameworks/Security.framework; sourceTree = SDKROOT; };
		7CB0E3A119B792F3005467D4 /* StoreKit.framework */ = {isa = PBXFileReference; lastKnownFileType = wrapper.framework; name = StoreKit.framework; path = System/Library/Frameworks/StoreKit.framework; sourceTree = SDKROOT; };
		7CB0E3A319B792FA005467D4 /* SystemConfiguration.framework */ = {isa = PBXFileReference; lastKnownFileType = wrapper.framework; name = SystemConfiguration.framework; path = System/Library/Frameworks/SystemConfiguration.framework; sourceTree = SDKROOT; };
		7CB0E3A519B79326005467D4 /* Constants.h */ = {isa = PBXFileReference; fileEncoding = 4; lastKnownFileType = sourcecode.c.h; path = Constants.h; sourceTree = "<group>"; };
		7CB0E3A619B79326005467D4 /* Constants.m */ = {isa = PBXFileReference; fileEncoding = 4; lastKnownFileType = sourcecode.c.objc; path = Constants.m; sourceTree = "<group>"; };
		7CB0E3A819B795E0005467D4 /* libz.1.1.3.dylib */ = {isa = PBXFileReference; lastKnownFileType = "compiled.mach-o.dylib"; name = libz.1.1.3.dylib; path = usr/lib/libz.1.1.3.dylib; sourceTree = SDKROOT; };
		7CB0E3AC19B79D0A005467D4 /* Bolts.framework */ = {isa = PBXFileReference; lastKnownFileType = wrapper.framework; path = Bolts.framework; sourceTree = "<group>"; };
		7CB0E3AE19B79E73005467D4 /* LoginViewController.h */ = {isa = PBXFileReference; fileEncoding = 4; lastKnownFileType = sourcecode.c.h; path = LoginViewController.h; sourceTree = "<group>"; };
		7CB0E3AF19B79E73005467D4 /* LoginViewController.m */ = {isa = PBXFileReference; fileEncoding = 4; lastKnownFileType = sourcecode.c.objc; path = LoginViewController.m; sourceTree = "<group>"; };
		7CB0E3B119B79E7E005467D4 /* SignupViewController.h */ = {isa = PBXFileReference; fileEncoding = 4; lastKnownFileType = sourcecode.c.h; path = SignupViewController.h; sourceTree = "<group>"; };
		7CB0E3B219B79E7E005467D4 /* SignupViewController.m */ = {isa = PBXFileReference; fileEncoding = 4; lastKnownFileType = sourcecode.c.objc; path = SignupViewController.m; sourceTree = "<group>"; };
		7CD3994619B8C3E500CF865A /* EditFriendsTableViewController.h */ = {isa = PBXFileReference; fileEncoding = 4; lastKnownFileType = sourcecode.c.h; path = EditFriendsTableViewController.h; sourceTree = "<group>"; };
		7CD3994719B8C3E500CF865A /* EditFriendsTableViewController.m */ = {isa = PBXFileReference; fileEncoding = 4; lastKnownFileType = sourcecode.c.objc; path = EditFriendsTableViewController.m; sourceTree = "<group>"; };
/* End PBXFileReference section */

/* Begin PBXFrameworksBuildPhase section */
		7CB0E34A19B6DCCF005467D4 /* Frameworks */ = {
			isa = PBXFrameworksBuildPhase;
			buildActionMask = 2147483647;
			files = (
				7CB0E39419B792BF005467D4 /* AudioToolbox.framework in Frameworks */,
				7CB0E39619B792C5005467D4 /* CFNetwork.framework in Frameworks */,
				7CB0E35319B6DCCF005467D4 /* CoreGraphics.framework in Frameworks */,
				7CB0E39819B792D2005467D4 /* CoreLocation.framework in Frameworks */,
				7CB0E3A919B795E0005467D4 /* libz.1.1.3.dylib in Frameworks */,
				7CB0E39C19B792E0005467D4 /* MobileCoreServices.framework in Frameworks */,
				7CB0E39E19B792E7005467D4 /* QuartzCore.framework in Frameworks */,
				7CB0E3A019B792EC005467D4 /* Security.framework in Frameworks */,
				7CB0E3A219B792F3005467D4 /* StoreKit.framework in Frameworks */,
				7CB0E3A419B792FA005467D4 /* SystemConfiguration.framework in Frameworks */,
				7CB0E35519B6DCCF005467D4 /* UIKit.framework in Frameworks */,
				7CB0E39219B790C6005467D4 /* Parse.framework in Frameworks */,
				7CB0E35119B6DCCF005467D4 /* Foundation.framework in Frameworks */,
				7CB0E3AD19B79D0A005467D4 /* Bolts.framework in Frameworks */,
			);
			runOnlyForDeploymentPostprocessing = 0;
		};
		7CB0E36519B6DCCF005467D4 /* Frameworks */ = {
			isa = PBXFrameworksBuildPhase;
			buildActionMask = 2147483647;
			files = (
				7CB0E36A19B6DCCF005467D4 /* XCTest.framework in Frameworks */,
				7CB0E36C19B6DCCF005467D4 /* UIKit.framework in Frameworks */,
				7CB0E36B19B6DCCF005467D4 /* Foundation.framework in Frameworks */,
			);
			runOnlyForDeploymentPostprocessing = 0;
		};
/* End PBXFrameworksBuildPhase section */

/* Begin PBXGroup section */
		7CB0E34419B6DCCF005467D4 = {
			isa = PBXGroup;
			children = (
				7CB0E35619B6DCCF005467D4 /* THRibbit */,
				7CB0E36F19B6DCCF005467D4 /* THRibbitTests */,
				7CB0E34F19B6DCCF005467D4 /* Frameworks */,
				7CB0E34E19B6DCCF005467D4 /* Products */,
			);
			sourceTree = "<group>";
		};
		7CB0E34E19B6DCCF005467D4 /* Products */ = {
			isa = PBXGroup;
			children = (
				7CB0E34D19B6DCCF005467D4 /* THRibbit.app */,
				7CB0E36819B6DCCF005467D4 /* THRibbitTests.xctest */,
			);
			name = Products;
			sourceTree = "<group>";
		};
		7CB0E34F19B6DCCF005467D4 /* Frameworks */ = {
			isa = PBXGroup;
			children = (
				7CB0E3A819B795E0005467D4 /* libz.1.1.3.dylib */,
				7CB0E3AC19B79D0A005467D4 /* Bolts.framework */,
				7CB0E3A319B792FA005467D4 /* SystemConfiguration.framework */,
				7CB0E3A119B792F3005467D4 /* StoreKit.framework */,
				7CB0E39F19B792EC005467D4 /* Security.framework */,
				7CB0E39D19B792E7005467D4 /* QuartzCore.framework */,
				7CB0E39B19B792E0005467D4 /* MobileCoreServices.framework */,
				7CB0E39719B792D2005467D4 /* CoreLocation.framework */,
				7CB0E39519B792C5005467D4 /* CFNetwork.framework */,
				7CB0E39319B792BF005467D4 /* AudioToolbox.framework */,
				7CB0E39119B790C6005467D4 /* Parse.framework */,
				7CB0E35019B6DCCF005467D4 /* Foundation.framework */,
				7CB0E35219B6DCCF005467D4 /* CoreGraphics.framework */,
				7CB0E35419B6DCCF005467D4 /* UIKit.framework */,
				7CB0E36919B6DCCF005467D4 /* XCTest.framework */,
			);
			name = Frameworks;
			sourceTree = "<group>";
		};
		7CB0E35619B6DCCF005467D4 /* THRibbit */ = {
			isa = PBXGroup;
			children = (
				7CB0E35F19B6DCCF005467D4 /* AppDelegate.h */,
				7CB0E36019B6DCCF005467D4 /* AppDelegate.m */,
				7CB0E3A519B79326005467D4 /* Constants.h */,
				7CB0E3A619B79326005467D4 /* Constants.m */,
				7CB0E36219B6DCCF005467D4 /* Images.xcassets */,
				7CB0E37F19B6DCF9005467D4 /* MainStoryboard.storyboard */,
				7CD3994619B8C3E500CF865A /* EditFriendsTableViewController.h */,
				7CD3994719B8C3E500CF865A /* EditFriendsTableViewController.m */,
				7CB0E3AE19B79E73005467D4 /* LoginViewController.h */,
				7CB0E3AF19B79E73005467D4 /* LoginViewController.m */,
				7CB0E3B119B79E7E005467D4 /* SignupViewController.h */,
				7CB0E3B219B79E7E005467D4 /* SignupViewController.m */,
				7CB0E38E19B771F0005467D4 /* InboxTableViewController.h */,
				7CB0E38F19B771F0005467D4 /* InboxTableViewController.m */,
				7CB0E38D19B76166005467D4 /* Images */,
				7CB0E35719B6DCCF005467D4 /* Supporting Files */,
			);
			path = THRibbit;
			sourceTree = "<group>";
		};
		7CB0E35719B6DCCF005467D4 /* Supporting Files */ = {
			isa = PBXGroup;
			children = (
				7CB0E35819B6DCCF005467D4 /* THRibbit-Info.plist */,
				7CB0E35919B6DCCF005467D4 /* InfoPlist.strings */,
				7CB0E35C19B6DCCF005467D4 /* main.m */,
				7CB0E35E19B6DCCF005467D4 /* THRibbit-Prefix.pch */,
			);
			name = "Supporting Files";
			sourceTree = "<group>";
		};
		7CB0E36F19B6DCCF005467D4 /* THRibbitTests */ = {
			isa = PBXGroup;
			children = (
				7CB0E37519B6DCCF005467D4 /* THRibbitTests.m */,
				7CB0E37019B6DCCF005467D4 /* Supporting Files */,
			);
			path = THRibbitTests;
			sourceTree = "<group>";
		};
		7CB0E37019B6DCCF005467D4 /* Supporting Files */ = {
			isa = PBXGroup;
			children = (
				7CB0E37119B6DCCF005467D4 /* THRibbitTests-Info.plist */,
				7CB0E37219B6DCCF005467D4 /* InfoPlist.strings */,
			);
			name = "Supporting Files";
			sourceTree = "<group>";
		};
		7CB0E38D19B76166005467D4 /* Images */ = {
			isa = PBXGroup;
			children = (
				7CB0E38119B76158005467D4 /* camera.png */,
				7CB0E38219B76158005467D4 /* camera@2x.png */,
				7CB0E38319B76158005467D4 /* friends.png */,
				7CB0E38419B76158005467D4 /* friends@2x.png */,
				7CB0E38519B76158005467D4 /* inbox.png */,
				7CB0E38619B76158005467D4 /* inbox@2x.png */,
			);
			name = Images;
			sourceTree = "<group>";
		};
/* End PBXGroup section */

/* Begin PBXNativeTarget section */
		7CB0E34C19B6DCCF005467D4 /* THRibbit */ = {
			isa = PBXNativeTarget;
			buildConfigurationList = 7CB0E37919B6DCCF005467D4 /* Build configuration list for PBXNativeTarget "THRibbit" */;
			buildPhases = (
				7CB0E34919B6DCCF005467D4 /* Sources */,
				7CB0E34A19B6DCCF005467D4 /* Frameworks */,
				7CB0E34B19B6DCCF005467D4 /* Resources */,
			);
			buildRules = (
			);
			dependencies = (
			);
			name = THRibbit;
			productName = THRibbit;
			productReference = 7CB0E34D19B6DCCF005467D4 /* THRibbit.app */;
			productType = "com.apple.product-type.application";
		};
		7CB0E36719B6DCCF005467D4 /* THRibbitTests */ = {
			isa = PBXNativeTarget;
			buildConfigurationList = 7CB0E37C19B6DCCF005467D4 /* Build configuration list for PBXNativeTarget "THRibbitTests" */;
			buildPhases = (
				7CB0E36419B6DCCF005467D4 /* Sources */,
				7CB0E36519B6DCCF005467D4 /* Frameworks */,
				7CB0E36619B6DCCF005467D4 /* Resources */,
			);
			buildRules = (
			);
			dependencies = (
				7CB0E36E19B6DCCF005467D4 /* PBXTargetDependency */,
			);
			name = THRibbitTests;
			productName = THRibbitTests;
			productReference = 7CB0E36819B6DCCF005467D4 /* THRibbitTests.xctest */;
			productType = "com.apple.product-type.bundle.unit-test";
		};
/* End PBXNativeTarget section */

/* Begin PBXProject section */
		7CB0E34519B6DCCF005467D4 /* Project object */ = {
			isa = PBXProject;
			attributes = {
				LastUpgradeCheck = 0510;
				ORGANIZATIONNAME = "Giving Tree";
				TargetAttributes = {
					7CB0E36719B6DCCF005467D4 = {
						TestTargetID = 7CB0E34C19B6DCCF005467D4;
					};
				};
			};
			buildConfigurationList = 7CB0E34819B6DCCF005467D4 /* Build configuration list for PBXProject "THRibbit" */;
			compatibilityVersion = "Xcode 3.2";
			developmentRegion = English;
			hasScannedForEncodings = 0;
			knownRegions = (
				en,
			);
			mainGroup = 7CB0E34419B6DCCF005467D4;
			productRefGroup = 7CB0E34E19B6DCCF005467D4 /* Products */;
			projectDirPath = "";
			projectRoot = "";
			targets = (
				7CB0E34C19B6DCCF005467D4 /* THRibbit */,
				7CB0E36719B6DCCF005467D4 /* THRibbitTests */,
			);
		};
/* End PBXProject section */

/* Begin PBXResourcesBuildPhase section */
		7CB0E34B19B6DCCF005467D4 /* Resources */ = {
			isa = PBXResourcesBuildPhase;
			buildActionMask = 2147483647;
			files = (
				7CB0E38019B6DCF9005467D4 /* MainStoryboard.storyboard in Resources */,
				7CB0E38919B76158005467D4 /* friends.png in Resources */,
				7CB0E38A19B76158005467D4 /* friends@2x.png in Resources */,
				7CB0E38819B76158005467D4 /* camera@2x.png in Resources */,
				7CB0E38B19B76158005467D4 /* inbox.png in Resources */,
				7CB0E35B19B6DCCF005467D4 /* InfoPlist.strings in Resources */,
				7CB0E38719B76158005467D4 /* camera.png in Resources */,
				7CB0E36319B6DCCF005467D4 /* Images.xcassets in Resources */,
				7CB0E38C19B76158005467D4 /* inbox@2x.png in Resources */,
			);
			runOnlyForDeploymentPostprocessing = 0;
		};
		7CB0E36619B6DCCF005467D4 /* Resources */ = {
			isa = PBXResourcesBuildPhase;
			buildActionMask = 2147483647;
			files = (
				7CB0E37419B6DCCF005467D4 /* InfoPlist.strings in Resources */,
			);
			runOnlyForDeploymentPostprocessing = 0;
		};
/* End PBXResourcesBuildPhase section */

/* Begin PBXSourcesBuildPhase section */
		7CB0E34919B6DCCF005467D4 /* Sources */ = {
			isa = PBXSourcesBuildPhase;
			buildActionMask = 2147483647;
			files = (
				7CD3994819B8C3E500CF865A /* EditFriendsTableViewController.m in Sources */,
				7CB0E3B319B79E7E005467D4 /* SignupViewController.m in Sources */,
				7CB0E39019B771F0005467D4 /* InboxTableViewController.m in Sources */,
				7CB0E36119B6DCCF005467D4 /* AppDelegate.m in Sources */,
				7CB0E35D19B6DCCF005467D4 /* main.m in Sources */,
				7CB0E3A719B79326005467D4 /* Constants.m in Sources */,
				7CB0E3B019B79E73005467D4 /* LoginViewController.m in Sources */,
			);
			runOnlyForDeploymentPostprocessing = 0;
		};
		7CB0E36419B6DCCF005467D4 /* Sources */ = {
			isa = PBXSourcesBuildPhase;
			buildActionMask = 2147483647;
			files = (
				7CB0E37619B6DCCF005467D4 /* THRibbitTests.m in Sources */,
			);
			runOnlyForDeploymentPostprocessing = 0;
		};
/* End PBXSourcesBuildPhase section */

/* Begin PBXTargetDependency section */
		7CB0E36E19B6DCCF005467D4 /* PBXTargetDependency */ = {
			isa = PBXTargetDependency;
			target = 7CB0E34C19B6DCCF005467D4 /* THRibbit */;
			targetProxy = 7CB0E36D19B6DCCF005467D4 /* PBXContainerItemProxy */;
		};
/* End PBXTargetDependency section */

/* Begin PBXVariantGroup section */
		7CB0E35919B6DCCF005467D4 /* InfoPlist.strings */ = {
			isa = PBXVariantGroup;
			children = (
				7CB0E35A19B6DCCF005467D4 /* en */,
			);
			name = InfoPlist.strings;
			sourceTree = "<group>";
		};
		7CB0E37219B6DCCF005467D4 /* InfoPlist.strings */ = {
			isa = PBXVariantGroup;
			children = (
				7CB0E37319B6DCCF005467D4 /* en */,
			);
			name = InfoPlist.strings;
			sourceTree = "<group>";
		};
/* End PBXVariantGroup section */

/* Begin XCBuildConfiguration section */
		7CB0E37719B6DCCF005467D4 /* Debug */ = {
			isa = XCBuildConfiguration;
			buildSettings = {
				ALWAYS_SEARCH_USER_PATHS = NO;
				CLANG_CXX_LANGUAGE_STANDARD = "gnu++0x";
				CLANG_CXX_LIBRARY = "libc++";
				CLANG_ENABLE_MODULES = YES;
				CLANG_ENABLE_OBJC_ARC = YES;
				CLANG_WARN_BOOL_CONVERSION = YES;
				CLANG_WARN_CONSTANT_CONVERSION = YES;
				CLANG_WARN_DIRECT_OBJC_ISA_USAGE = YES_ERROR;
				CLANG_WARN_EMPTY_BODY = YES;
				CLANG_WARN_ENUM_CONVERSION = YES;
				CLANG_WARN_INT_CONVERSION = YES;
				CLANG_WARN_OBJC_ROOT_CLASS = YES_ERROR;
				CLANG_WARN__DUPLICATE_METHOD_MATCH = YES;
				"CODE_SIGN_IDENTITY[sdk=iphoneos*]" = "iPhone Developer";
				COPY_PHASE_STRIP = NO;
				GCC_C_LANGUAGE_STANDARD = gnu99;
				GCC_DYNAMIC_NO_PIC = NO;
				GCC_OPTIMIZATION_LEVEL = 0;
				GCC_PREPROCESSOR_DEFINITIONS = (
					"DEBUG=1",
					"$(inherited)",
				);
				GCC_SYMBOLS_PRIVATE_EXTERN = NO;
				GCC_WARN_64_TO_32_BIT_CONVERSION = YES;
				GCC_WARN_ABOUT_RETURN_TYPE = YES_ERROR;
				GCC_WARN_UNDECLARED_SELECTOR = YES;
				GCC_WARN_UNINITIALIZED_AUTOS = YES_AGGRESSIVE;
				GCC_WARN_UNUSED_FUNCTION = YES;
				GCC_WARN_UNUSED_VARIABLE = YES;
				IPHONEOS_DEPLOYMENT_TARGET = 7.1;
				ONLY_ACTIVE_ARCH = YES;
				SDKROOT = iphoneos;
			};
			name = Debug;
		};
		7CB0E37819B6DCCF005467D4 /* Release */ = {
			isa = XCBuildConfiguration;
			buildSettings = {
				ALWAYS_SEARCH_USER_PATHS = NO;
				CLANG_CXX_LANGUAGE_STANDARD = "gnu++0x";
				CLANG_CXX_LIBRARY = "libc++";
				CLANG_ENABLE_MODULES = YES;
				CLANG_ENABLE_OBJC_ARC = YES;
				CLANG_WARN_BOOL_CONVERSION = YES;
				CLANG_WARN_CONSTANT_CONVERSION = YES;
				CLANG_WARN_DIRECT_OBJC_ISA_USAGE = YES_ERROR;
				CLANG_WARN_EMPTY_BODY = YES;
				CLANG_WARN_ENUM_CONVERSION = YES;
				CLANG_WARN_INT_CONVERSION = YES;
				CLANG_WARN_OBJC_ROOT_CLASS = YES_ERROR;
				CLANG_WARN__DUPLICATE_METHOD_MATCH = YES;
				"CODE_SIGN_IDENTITY[sdk=iphoneos*]" = "iPhone Developer";
				COPY_PHASE_STRIP = YES;
				ENABLE_NS_ASSERTIONS = NO;
				GCC_C_LANGUAGE_STANDARD = gnu99;
				GCC_WARN_64_TO_32_BIT_CONVERSION = YES;
				GCC_WARN_ABOUT_RETURN_TYPE = YES_ERROR;
				GCC_WARN_UNDECLARED_SELECTOR = YES;
				GCC_WARN_UNINITIALIZED_AUTOS = YES_AGGRESSIVE;
				GCC_WARN_UNUSED_FUNCTION = YES;
				GCC_WARN_UNUSED_VARIABLE = YES;
				IPHONEOS_DEPLOYMENT_TARGET = 7.1;
				SDKROOT = iphoneos;
				VALIDATE_PRODUCT = YES;
			};
			name = Release;
		};
		7CB0E37A19B6DCCF005467D4 /* Debug */ = {
			isa = XCBuildConfiguration;
			buildSettings = {
				ASSETCATALOG_COMPILER_APPICON_NAME = AppIcon;
				ASSETCATALOG_COMPILER_LAUNCHIMAGE_NAME = LaunchImage;
				FRAMEWORK_SEARCH_PATHS = (
					"$(inherited)",
					"$(PROJECT_DIR)",
				);
				GCC_PRECOMPILE_PREFIX_HEADER = YES;
				GCC_PREFIX_HEADER = "THRibbit/THRibbit-Prefix.pch";
				INFOPLIST_FILE = "THRibbit/THRibbit-Info.plist";
				OTHER_LDFLAGS = "";
				PRODUCT_NAME = "$(TARGET_NAME)";
				WRAPPER_EXTENSION = app;
			};
			name = Debug;
		};
		7CB0E37B19B6DCCF005467D4 /* Release */ = {
			isa = XCBuildConfiguration;
			buildSettings = {
				ASSETCATALOG_COMPILER_APPICON_NAME = AppIcon;
				ASSETCATALOG_COMPILER_LAUNCHIMAGE_NAME = LaunchImage;
				FRAMEWORK_SEARCH_PATHS = (
					"$(inherited)",
					"$(PROJECT_DIR)",
				);
				GCC_PRECOMPILE_PREFIX_HEADER = YES;
				GCC_PREFIX_HEADER = "THRibbit/THRibbit-Prefix.pch";
				INFOPLIST_FILE = "THRibbit/THRibbit-Info.plist";
				OTHER_LDFLAGS = "";
				PRODUCT_NAME = "$(TARGET_NAME)";
				WRAPPER_EXTENSION = app;
			};
			name = Release;
		};
		7CB0E37D19B6DCCF005467D4 /* Debug */ = {
			isa = XCBuildConfiguration;
			buildSettings = {
				BUNDLE_LOADER = "$(BUILT_PRODUCTS_DIR)/THRibbit.app/THRibbit";
				FRAMEWORK_SEARCH_PATHS = (
					"$(SDKROOT)/Developer/Library/Frameworks",
					"$(inherited)",
					"$(DEVELOPER_FRAMEWORKS_DIR)",
				);
				GCC_PRECOMPILE_PREFIX_HEADER = YES;
				GCC_PREFIX_HEADER = "THRibbit/THRibbit-Prefix.pch";
				GCC_PREPROCESSOR_DEFINITIONS = (
					"DEBUG=1",
					"$(inherited)",
				);
				INFOPLIST_FILE = "THRibbitTests/THRibbitTests-Info.plist";
				PRODUCT_NAME = "$(TARGET_NAME)";
				TEST_HOST = "$(BUNDLE_LOADER)";
				WRAPPER_EXTENSION = xctest;
			};
			name = Debug;
		};
		7CB0E37E19B6DCCF005467D4 /* Release */ = {
			isa = XCBuildConfiguration;
			buildSettings = {
				BUNDLE_LOADER = "$(BUILT_PRODUCTS_DIR)/THRibbit.app/THRibbit";
				FRAMEWORK_SEARCH_PATHS = (
					"$(SDKROOT)/Developer/Library/Frameworks",
					"$(inherited)",
					"$(DEVELOPER_FRAMEWORKS_DIR)",
				);
				GCC_PRECOMPILE_PREFIX_HEADER = YES;
				GCC_PREFIX_HEADER = "THRibbit/THRibbit-Prefix.pch";
				INFOPLIST_FILE = "THRibbitTests/THRibbitTests-Info.plist";
				PRODUCT_NAME = "$(TARGET_NAME)";
				TEST_HOST = "$(BUNDLE_LOADER)";
				WRAPPER_EXTENSION = xctest;
			};
			name = Release;
		};
/* End XCBuildConfiguration section */

/* Begin XCConfigurationList section */
		7CB0E34819B6DCCF005467D4 /* Build configuration list for PBXProject "THRibbit" */ = {
			isa = XCConfigurationList;
			buildConfigurations = (
				7CB0E37719B6DCCF005467D4 /* Debug */,
				7CB0E37819B6DCCF005467D4 /* Release */,
			);
			defaultConfigurationIsVisible = 0;
			defaultConfigurationName = Release;
		};
		7CB0E37919B6DCCF005467D4 /* Build configuration list for PBXNativeTarget "THRibbit" */ = {
			isa = XCConfigurationList;
			buildConfigurations = (
				7CB0E37A19B6DCCF005467D4 /* Debug */,
				7CB0E37B19B6DCCF005467D4 /* Release */,
			);
			defaultConfigurationIsVisible = 0;
			defaultConfigurationName = Release;
		};
		7CB0E37C19B6DCCF005467D4 /* Build configuration list for PBXNativeTarget "THRibbitTests" */ = {
			isa = XCConfigurationList;
			buildConfigurations = (
				7CB0E37D19B6DCCF005467D4 /* Debug */,
				7CB0E37E19B6DCCF005467D4 /* Release */,
			);
			defaultConfigurationIsVisible = 0;
			defaultConfigurationName = Release;
		};
/* End XCConfigurationList section */
	};
	rootObject = 7CB0E34519B6DCCF005467D4 /* Project object */;
}
